
Microsoft Visual Studio Solution File, Format Version 12.00
# Visual Studio 15
VisualStudioVersion = 15.0.28010.2016
MinimumVisualStudioVersion = 10.0.40219.1
Project("{FAE04EC0-301F-11D3-BF4B-00C04F79EFBC}") = "DerivativePolynomial", "DerivativePolynomial\DerivativePolynomial.csproj", "{EB7C8BD5-9971-4870-BEFA-A69D58ABC34E}"
EndProject
Global
	GlobalSection(SolutionConfigurationPlatforms) = preSolution
		Debug|Any CPU = Debug|Any CPU
		Release|Any CPU = Release|Any CPU
	EndGlobalSection
	GlobalSection(ProjectConfigurationPlatforms) = postSolution
		{EB7C8BD5-9971-4870-BEFA-A69D58ABC34E}.Debug|Any CPU.ActiveCfg = Debug|Any CPU
		{EB7C8BD5-9971-4870-BEFA-A69D58ABC34E}.Debug|Any CPU.Build.0 = Debug|Any CPU
		{EB7C8BD5-9971-4870-BEFA-A69D58ABC34E}.Release|Any CPU.ActiveCfg = Release|Any CPU
		{EB7C8BD5-9971-4870-BEFA-A69D58ABC34E}.Release|Any CPU.Build.0 = Release|Any CPU
	EndGlobalSection
	GlobalSection(SolutionProperties) = preSolution
		HideSolutionNode = FALSE
	EndGlobalSection
	GlobalSection(ExtensibilityGlobals) = postSolution
		SolutionGuid = {0F6266E3-0EB5-4A0B-B1B2-07E30644177E}
	EndGlobalSection
EndGlobal
